// !$*UTF8*$!
{
	archiveVersion = 1;
	classes = {
	};
	objectVersion = 48;
	objects = {

/* Begin PBXBuildFile section */
		42421F751F129EC100863152 /* AppDelegate.swift in Sources */ = {isa = PBXBuildFile; fileRef = 42421F741F129EC100863152 /* AppDelegate.swift */; };
		42421F771F129EC100863152 /* ViewController.swift in Sources */ = {isa = PBXBuildFile; fileRef = 42421F761F129EC100863152 /* ViewController.swift */; };
		42421F7A1F129EC100863152 /* Main.storyboard in Resources */ = {isa = PBXBuildFile; fileRef = 42421F781F129EC100863152 /* Main.storyboard */; };
		42421F7C1F129EC100863152 /* Assets.xcassets in Resources */ = {isa = PBXBuildFile; fileRef = 42421F7B1F129EC100863152 /* Assets.xcassets */; };
		42421F7F1F129EC100863152 /* LaunchScreen.storyboard in Resources */ = {isa = PBXBuildFile; fileRef = 42421F7D1F129EC100863152 /* LaunchScreen.storyboard */; };
		425EE45A1F12DCA9005FFF83 /* FontsViewController.swift in Sources */ = {isa = PBXBuildFile; fileRef = 425EE4591F12DCA9005FFF83 /* FontsViewController.swift */; };
/* End PBXBuildFile section */

/* Begin PBXFileReference section */
		42421F711F129EC100863152 /* DragnDrop.app */ = {isa = PBXFileReference; explicitFileType = wrapper.application; includeInIndex = 0; path = DragnDrop.app; sourceTree = BUILT_PRODUCTS_DIR; };
		42421F741F129EC100863152 /* AppDelegate.swift */ = {isa = PBXFileReference; lastKnownFileType = sourcecode.swift; path = AppDelegate.swift; sourceTree = "<group>"; };
		42421F761F129EC100863152 /* ViewController.swift */ = {isa = PBXFileReference; lastKnownFileType = sourcecode.swift; path = ViewController.swift; sourceTree = "<group>"; };
		42421F791F129EC100863152 /* Base */ = {isa = PBXFileReference; lastKnownFileType = file.storyboard; name = Base; path = Base.lproj/Main.storyboard; sourceTree = "<group>"; };
		42421F7B1F129EC100863152 /* Assets.xcassets */ = {isa = PBXFileReference; lastKnownFileType = folder.assetcatalog; path = Assets.xcassets; sourceTree = "<group>"; };
		42421F7E1F129EC100863152 /* Base */ = {isa = PBXFileReference; lastKnownFileType = file.storyboard; name = Base; path = Base.lproj/LaunchScreen.storyboard; sourceTree = "<group>"; };
		42421F801F129EC100863152 /* Info.plist */ = {isa = PBXFileReference; lastKnownFileType = text.plist.xml; path = Info.plist; sourceTree = "<group>"; };
		425EE4591F12DCA9005FFF83 /* FontsViewController.swift */ = {isa = PBXFileReference; lastKnownFileType = sourcecode.swift; path = FontsViewController.swift; sourceTree = "<group>"; };
/* End PBXFileReference section */

/* Begin PBXFrameworksBuildPhase section */
		42421F6E1F129EC100863152 /* Frameworks */ = {
			isa = PBXFrameworksBuildPhase;
			buildActionMask = 2147483647;
			files = (
			);
			runOnlyForDeploymentPostprocessing = 0;
		};
/* End PBXFrameworksBuildPhase section */

/* Begin PBXGroup section */
		42421F681F129EC000863152 = {
			isa = PBXGroup;
			children = (
				42421F731F129EC100863152 /* DragnDrop */,
				42421F721F129EC100863152 /* Products */,
			);
			sourceTree = "<group>";
		};
		42421F721F129EC100863152 /* Products */ = {
			isa = PBXGroup;
			children = (
				42421F711F129EC100863152 /* DragnDrop.app */,
			);
			name = Products;
			sourceTree = "<group>";
		};
		42421F731F129EC100863152 /* DragnDrop */ = {
			isa = PBXGroup;
			children = (
				42421F741F129EC100863152 /* AppDelegate.swift */,
				42421F761F129EC100863152 /* ViewController.swift */,
				42421F781F129EC100863152 /* Main.storyboard */,
				42421F7B1F129EC100863152 /* Assets.xcassets */,
				42421F7D1F129EC100863152 /* LaunchScreen.storyboard */,
				42421F801F129EC100863152 /* Info.plist */,
				425EE4591F12DCA9005FFF83 /* FontsViewController.swift */,
			);
			path = DragnDrop;
			sourceTree = "<group>";
		};
/* End PBXGroup section */

/* Begin PBXNativeTarget section */
		42421F701F129EC100863152 /* DragnDrop */ = {
			isa = PBXNativeTarget;
			buildConfigurationList = 42421F831F129EC100863152 /* Build configuration list for PBXNativeTarget "DragnDrop" */;
			buildPhases = (
				42421F6D1F129EC100863152 /* Sources */,
				42421F6E1F129EC100863152 /* Frameworks */,
				42421F6F1F129EC100863152 /* Resources */,
			);
			buildRules = (
			);
			dependencies = (
			);
			name = DragnDrop;
			productName = DragnDrop;
			productReference = 42421F711F129EC100863152 /* DragnDrop.app */;
			productType = "com.apple.product-type.application";
		};
/* End PBXNativeTarget section */

/* Begin PBXProject section */
		42421F691F129EC000863152 /* Project object */ = {
			isa = PBXProject;
			attributes = {
				LastSwiftUpdateCheck = 0900;
				LastUpgradeCheck = 0900;
				ORGANIZATIONNAME = Sam;
				TargetAttributes = {
					42421F701F129EC100863152 = {
						CreatedOnToolsVersion = 9.0;
					};
				};
			};
			buildConfigurationList = 42421F6C1F129EC000863152 /* Build configuration list for PBXProject "DragnDrop" */;
			compatibilityVersion = "Xcode 8.0";
			developmentRegion = en;
			hasScannedForEncodings = 0;
			knownRegions = (
				en,
				Base,
			);
			mainGroup = 42421F681F129EC000863152;
			productRefGroup = 42421F721F129EC100863152 /* Products */;
			projectDirPath = "";
			projectRoot = "";
			targets = (
				42421F701F129EC100863152 /* DragnDrop */,
			);
		};
/* End PBXProject section */

/* Begin PBXResourcesBuildPhase section */
		42421F6F1F129EC100863152 /* Resources */ = {
			isa = PBXResourcesBuildPhase;
			buildActionMask = 2147483647;
			files = (
				42421F7F1F129EC100863152 /* LaunchScreen.storyboard in Resources */,
				42421F7C1F129EC100863152 /* Assets.xcassets in Resources */,
				42421F7A1F129EC100863152 /* Main.storyboard in Resources */,
			);
			runOnlyForDeploymentPostprocessing = 0;
		};
/* End PBXResourcesBuildPhase section */

/* Begin PBXSourcesBuildPhase section */
		42421F6D1F129EC100863152 /* Sources */ = {
			isa = PBXSourcesBuildPhase;
			buildActionMask = 2147483647;
			files = (
				42421F771F129EC100863152 /* ViewController.swift in Sources */,
				425EE45A1F12DCA9005FFF83 /* FontsViewController.swift in Sources */,
				42421F751F129EC100863152 /* AppDelegate.swift in Sources */,
			);
			runOnlyForDeploymentPostprocessing = 0;
		};
/* End PBXSourcesBuildPhase section */

/* Begin PBXVariantGroup section */
		42421F781F129EC100863152 /* Main.storyboard */ = {
			isa = PBXVariantGroup;
			children = (
				42421F791F129EC100863152 /* Base */,
			);
			name = Main.storyboard;
			sourceTree = "<group>";
		};
		42421F7D1F129EC100863152 /* LaunchScreen.storyboard */ = {
			isa = PBXVariantGroup;
			children = (
				42421F7E1F129EC100863152 /* Base */,
			);
			name = LaunchScreen.storyboard;
			sourceTree = "<group>";
		};
/* End PBXVariantGroup section */

/* Begin XCBuildConfiguration section */
		42421F811F129EC100863152 /* Debug */ = {
			isa = XCBuildConfiguration;
			buildSettings = {
				ALWAYS_SEARCH_USER_PATHS = NO;
				CLANG_ANALYZER_NONNULL = YES;
				CLANG_ANALYZER_NUMBER_OBJECT_CONVERSION = YES_AGGRESSIVE;
				CLANG_CXX_LANGUAGE_STANDARD = "gnu++14";
				CLANG_CXX_LIBRARY = "libc++";
				CLANG_ENABLE_MODULES = YES;
				CLANG_ENABLE_OBJC_ARC = YES;
				CLANG_WARN_BLOCK_CAPTURE_AUTORELEASING = YES;
				CLANG_WARN_BOOL_CONVERSION = YES;
				CLANG_WARN_COMMA = YES;
				CLANG_WARN_CONSTANT_CONVERSION = YES;
				CLANG_WARN_DIRECT_OBJC_ISA_USAGE = YES_ERROR;
				CLANG_WARN_DOCUMENTATION_COMMENTS = YES;
				CLANG_WARN_EMPTY_BODY = YES;
				CLANG_WARN_ENUM_CONVERSION = YES;
				CLANG_WARN_INFINITE_RECURSION = YES;
				CLANG_WARN_INT_CONVERSION = YES;
				CLANG_WARN_OBJC_ROOT_CLASS = YES_ERROR;
				CLANG_WARN_RANGE_LOOP_ANALYSIS = YES;
				CLANG_WARN_STRICT_PROTOTYPES = YES;
				CLANG_WARN_SUSPICIOUS_MOVE = YES;
				CLANG_WARN_UNGUARDED_AVAILABILITY = YES_AGGRESSIVE;
				CLANG_WARN_UNREACHABLE_CODE = YES;
				CLANG_WARN__DUPLICATE_METHOD_MATCH = YES;
				CODE_SIGN_IDENTITY = "iPhone Developer";
				COPY_PHASE_STRIP = NO;
				DEBUG_INFORMATION_FORMAT = dwarf;
				ENABLE_STRICT_OBJC_MSGSEND = YES;
				ENABLE_TESTABILITY = YES;
				GCC_C_LANGUAGE_STANDARD = gnu11;
				GCC_DYNAMIC_NO_PIC = NO;
				GCC_NO_COMMON_BLOCKS = YES;
				GCC_OPTIMIZATION_LEVEL = 0;
				GCC_PREPROCESSOR_DEFINITIONS = (
					"DEBUG=1",
					"$(inherited)",
				);
				GCC_WARN_64_TO_32_BIT_CONVERSION = YES;
				GCC_WARN_ABOUT_RETURN_TYPE = YES_ERROR;
				GCC_WARN_UNDECLARED_SELECTOR = YES;
				GCC_WARN_UNINITIALIZED_AUTOS = YES_AGGRESSIVE;
				GCC_WARN_UNUSED_FUNCTION = YES;
				GCC_WARN_UNUSED_VARIABLE = YES;
				IPHONEOS_DEPLOYMENT_TARGET = 11.0;
				MTL_ENABLE_DEBUG_INFO = YES;
				ONLY_ACTIVE_ARCH = YES;
				SDKROOT = iphoneos;
				SWIFT_ACTIVE_COMPILATION_CONDITIONS = DEBUG;
				SWIFT_OPTIMIZATION_LEVEL = "-Onone";
			};
			name = Debug;
		};
		42421F821F129EC100863152 /* Release */ = {
			isa = XCBuildConfiguration;
			buildSettings = {
				ALWAYS_SEARCH_USER_PATHS = NO;
				CLANG_ANALYZER_NONNULL = YES;
				CLANG_ANALYZER_NUMBER_OBJECT_CONVERSION = YES_AGGRESSIVE;
				CLANG_CXX_LANGUAGE_STANDARD = "gnu++14";
				CLANG_CXX_LIBRARY = "libc++";
				CLANG_ENABLE_MODULES = YES;
				CLANG_ENABLE_OBJC_ARC = YES;
				CLANG_WARN_BLOCK_CAPTURE_AUTORELEASING = YES;
				CLANG_WARN_BOOL_CONVERSION = YES;
				CLANG_WARN_COMMA = YES;
				CLANG_WARN_CONSTANT_CONVERSION = YES;
				CLANG_WARN_DIRECT_OBJC_ISA_USAGE = YES_ERROR;
				CLANG_WARN_DOCUMENTATION_COMMENTS = YES;
				CLANG_WARN_EMPTY_BODY = YES;
				CLANG_WARN_ENUM_CONVERSION = YES;
				CLANG_WARN_INFINITE_RECURSION = YES;
				CLANG_WARN_INT_CONVERSION = YES;
				CLANG_WARN_OBJC_ROOT_CLASS = YES_ERROR;
				CLANG_WARN_RANGE_LOOP_ANALYSIS = YES;
				CLANG_WARN_STRICT_PROTOTYPES = YES;
				CLANG_WARN_SUSPICIOUS_MOVE = YES;
				CLANG_WARN_UNGUARDED_AVAILABILITY = YES_AGGRESSIVE;
				CLANG_WARN_UNREACHABLE_CODE = YES;
				CLANG_WARN__DUPLICATE_METHOD_MATCH = YES;
				CODE_SIGN_IDENTITY = "iPhone Developer";
				COPY_PHASE_STRIP = NO;
				DEBUG_INFORMATION_FORMAT = "dwarf-with-dsym";
				ENABLE_NS_ASSERTIONS = NO;
				ENABLE_STRICT_OBJC_MSGSEND = YES;
				GCC_C_LANGUAGE_STANDARD = gnu11;
				GCC_NO_COMMON_BLOCKS = YES;
				GCC_WARN_64_TO_32_BIT_CONVERSION = YES;
				GCC_WARN_ABOUT_RETURN_TYPE = YES_ERROR;
				GCC_WARN_UNDECLARED_SELECTOR = YES;
				GCC_WARN_UNINITIALIZED_AUTOS = YES_AGGRESSIVE;
				GCC_WARN_UNUSED_FUNCTION = YES;
				GCC_WARN_UNUSED_VARIABLE = YES;
				IPHONEOS_DEPLOYMENT_TARGET = 11.0;
				MTL_ENABLE_DEBUG_INFO = NO;
				SDKROOT = iphoneos;
				SWIFT_OPTIMIZATION_LEVEL = "-Owholemodule";
				VALIDATE_PRODUCT = YES;
			};
			name = Release;
		};
		42421F841F129EC100863152 /* Debug */ = {
			isa = XCBuildConfiguration;
			buildSettings = {
				ASSETCATALOG_COMPILER_APPICON_NAME = AppIcon;
				DEVELOPMENT_TEAM = 238VZ772M6;
				INFOPLIST_FILE = DragnDrop/Info.plist;
				LD_RUNPATH_SEARCH_PATHS = "$(inherited) @executable_path/Frameworks";
				PRODUCT_BUNDLE_IDENTIFIER = com.sam.org.DragnDrop;
				PRODUCT_NAME = "$(TARGET_NAME)";
				SWIFT_VERSION = 4.0;
				TARGETED_DEVICE_FAMILY = "1,2";
			};
			name = Debug;
		};
		42421F851F129EC100863152 /* Release */ = {
			isa = XCBuildConfiguration;
			buildSettings = {
				ASSETCATALOG_COMPILER_APPICON_NAME = AppIcon;
				DEVELOPMENT_TEAM = 238VZ772M6;
				INFOPLIST_FILE = DragnDrop/Info.plist;
				LD_RUNPATH_SEARCH_PATHS = "$(inherited) @executable_path/Frameworks";
				PRODUCT_BUNDLE_IDENTIFIER = com.sam.org.DragnDrop;
				PRODUCT_NAME = "$(TARGET_NAME)";
				SWIFT_VERSION = 4.0;
				TARGETED_DEVICE_FAMILY = "1,2";
			};
			name = Release;
		};
/* End XCBuildConfiguration section */

/* Begin XCConfigurationList section */
		42421F6C1F129EC000863152 /* Build configuration list for PBXProject "DragnDrop" */ = {
			isa = XCConfigurationList;
			buildConfigurations = (
				42421F811F129EC100863152 /* Debug */,
				42421F821F129EC100863152 /* Release */,
			);
			defaultConfigurationIsVisible = 0;
			defaultConfigurationName = Release;
		};
		42421F831F129EC100863152 /* Build configuration list for PBXNativeTarget "DragnDrop" */ = {
			isa = XCConfigurationList;
			buildConfigurations = (
				42421F841F129EC100863152 /* Debug */,
				42421F851F129EC100863152 /* Release */,
			);
			defaultConfigurationIsVisible = 0;
			defaultConfigurationName = Release;
		};
/* End XCConfigurationList section */
	};
	rootObject = 42421F691F129EC000863152 /* Project object */;
}
